
Microsoft Visual Studio Solution File, Format Version 12.00
# Visual Studio Version 16
VisualStudioVersion = 16.0.29230.47
MinimumVisualStudioVersion = 10.0.40219.1
Project("{9A19103F-16F7-4668-BE54-9A1E7A4F7556}") = "AWSSDK.MobileAnalytics.MobileAnalyticsManager.Net35", "AWSSDK.MobileAnalytics.MobileAnalyticsManager.Net35.csproj", "{8629EC2B-AB83-46BE-B5C1-82710707F87E}"
EndProject
Project("{9A19103F-16F7-4668-BE54-9A1E7A4F7556}") = "AWSSDK.MobileAnalytics.MobileAnalyticsManager.Net45", "AWSSDK.MobileAnalytics.MobileAnalyticsManager.Net45.csproj", "{85296744-456C-4157-B4FC-6E1B781BED62}"
EndProject
Project("{FAE04EC0-301F-11D3-BF4B-00C04F79EFBC}") = "AWSSDK.MobileAnalytics.MobileAnalyticsManager.PCL", "AWSSDK.MobileAnalytics.MobileAnalyticsManager.PCL.csproj", "{938F4E28-E150-46CF-B36D-BE43FE8D8C0B}"
EndProject
Global
	GlobalSection(SolutionConfigurationPlatforms) = preSolution
		Debug|Any CPU = Debug|Any CPU
		Release|Any CPU = Release|Any CPU
	EndGlobalSection
	GlobalSection(ProjectConfigurationPlatforms) = postSolution
		{8629EC2B-AB83-46BE-B5C1-82710707F87E}.Debug|Any CPU.ActiveCfg = Debug|Any CPU
		{8629EC2B-AB83-46BE-B5C1-82710707F87E}.Debug|Any CPU.Build.0 = Debug|Any CPU
		{8629EC2B-AB83-46BE-B5C1-82710707F87E}.Release|Any CPU.ActiveCfg = Release|Any CPU
		{8629EC2B-AB83-46BE-B5C1-82710707F87E}.Release|Any CPU.Build.0 = Release|Any CPU
		{85296744-456C-4157-B4FC-6E1B781BED62}.Debug|Any CPU.ActiveCfg = Debug|Any CPU
		{85296744-456C-4157-B4FC-6E1B781BED62}.Debug|Any CPU.Build.0 = Debug|Any CPU
		{85296744-456C-4157-B4FC-6E1B781BED62}.Release|Any CPU.ActiveCfg = Release|Any CPU
		{85296744-456C-4157-B4FC-6E1B781BED62}.Release|Any CPU.Build.0 = Release|Any CPU
		{938F4E28-E150-46CF-B36D-BE43FE8D8C0B}.Debug|Any CPU.ActiveCfg = Debug|Any CPU
		{938F4E28-E150-46CF-B36D-BE43FE8D8C0B}.Debug|Any CPU.Build.0 = Debug|Any CPU
		{938F4E28-E150-46CF-B36D-BE43FE8D8C0B}.Release|Any CPU.ActiveCfg = Release|Any CPU
		{938F4E28-E150-46CF-B36D-BE43FE8D8C0B}.Release|Any CPU.Build.0 = Release|Any CPU
	EndGlobalSection
	GlobalSection(SolutionProperties) = preSolution
		HideSolutionNode = FALSE
	EndGlobalSection
	GlobalSection(ExtensibilityGlobals) = postSolution
		SolutionGuid = {59E75E26-23A9-4852-817A-D8A8D1EE14F9}
	EndGlobalSection
EndGlobal
