
Microsoft Visual Studio Solution File, Format Version 12.00
# Visual Studio Version 16
VisualStudioVersion = 16.0.29230.47
MinimumVisualStudioVersion = 10.0.40219.1
Project("{9A19103F-16F7-4668-BE54-9A1E7A4F7556}") = "AWSSDK.MobileAnalytics.MobileAnalyticsManager", "src\AWSSDK.MobileAnalytics.MobileAnalyticsManager.csproj", "{40008F77-5DDB-4C02-AABB-A2D7D889E581}"
EndProject
Project("{2150E333-8FDC-42A3-9474-1A3956D46DE8}") = "Repository", "Repository", "{BF887686-F67E-4559-B477-50236A468DF8}"
	ProjectSection(SolutionItems) = preProject
		.gitignore = .gitignore
		awssdk.dll.snk = awssdk.dll.snk
		CODE_OF_CONDUCT.md = CODE_OF_CONDUCT.md
		CONTRIBUTING.md = CONTRIBUTING.md
		LICENSE = LICENSE
		NOTICE = NOTICE
		README.md = README.md
		icon.png = icon.png
	EndProjectSection
EndProject
Global
	GlobalSection(SolutionConfigurationPlatforms) = preSolution
		Debug|Any CPU = Debug|Any CPU
		Release|Any CPU = Release|Any CPU
	EndGlobalSection
	GlobalSection(ProjectConfigurationPlatforms) = postSolution
		{40008F77-5DDB-4C02-AABB-A2D7D889E581}.Debug|Any CPU.ActiveCfg = Debug|Any CPU
		{40008F77-5DDB-4C02-AABB-A2D7D889E581}.Debug|Any CPU.Build.0 = Debug|Any CPU
		{40008F77-5DDB-4C02-AABB-A2D7D889E581}.Release|Any CPU.ActiveCfg = Release|Any CPU
		{40008F77-5DDB-4C02-AABB-A2D7D889E581}.Release|Any CPU.Build.0 = Release|Any CPU
	EndGlobalSection
	GlobalSection(SolutionProperties) = preSolution
		HideSolutionNode = FALSE
	EndGlobalSection
	GlobalSection(ExtensibilityGlobals) = postSolution
		SolutionGuid = {59E75E26-23A9-4852-817A-D8A8D1EE14F9}
	EndGlobalSection
EndGlobal
